// !$*UTF8*$!
{
	archiveVersion = 1;
	classes = {
	};
	objectVersion = 56;
	objects = {

/* Begin PBXBuildFile section */
		2B6A12CE2A19D1B000B8B8E3 /* AppDelegate.swift in Sources */ = {isa = PBXBuildFile; fileRef = 2B6A12CD2A19D1B000B8B8E3 /* AppDelegate.swift */; };
		2B6A12D02A19D1B000B8B8E3 /* GameScene.sks in Resources */ = {isa = PBXBuildFile; fileRef = 2B6A12CF2A19D1B000B8B8E3 /* GameScene.sks */; };
		2B6A12D42A19D1B000B8B8E3 /* GameScene.swift in Sources */ = {isa = PBXBuildFile; fileRef = 2B6A12D32A19D1B000B8B8E3 /* GameScene.swift */; };
		2B6A12D62A19D1B000B8B8E3 /* GameViewController.swift in Sources */ = {isa = PBXBuildFile; fileRef = 2B6A12D52A19D1B000B8B8E3 /* GameViewController.swift */; };
		2B6A12D92A19D1B000B8B8E3 /* Main.storyboard in Resources */ = {isa = PBXBuildFile; fileRef = 2B6A12D72A19D1B000B8B8E3 /* Main.storyboard */; };
		2B6A12DB2A19D1B100B8B8E3 /* Assets.xcassets in Resources */ = {isa = PBXBuildFile; fileRef = 2B6A12DA2A19D1B100B8B8E3 /* Assets.xcassets */; };
		2B6A12DE2A19D1B100B8B8E3 /* LaunchScreen.storyboard in Resources */ = {isa = PBXBuildFile; fileRef = 2B6A12DC2A19D1B100B8B8E3 /* LaunchScreen.storyboard */; };
		2B6A12E52A1B754E00B8B8E3 /* brickModel.swift in Sources */ = {isa = PBXBuildFile; fileRef = 2B6A12E42A1B754E00B8B8E3 /* brickModel.swift */; };
		2B6A12E72A1BB06A00B8B8E3 /* PlayerModel.swift in Sources */ = {isa = PBXBuildFile; fileRef = 2B6A12E62A1BB06A00B8B8E3 /* PlayerModel.swift */; };
		2B6A12E92A1CB42D00B8B8E3 /* constants.swift in Sources */ = {isa = PBXBuildFile; fileRef = 2B6A12E82A1CB42D00B8B8E3 /* constants.swift */; };
		2B6A12EB2A1F4DB300B8B8E3 /* LabelModel.swift in Sources */ = {isa = PBXBuildFile; fileRef = 2B6A12EA2A1F4DB300B8B8E3 /* LabelModel.swift */; };
		2B6A12ED2A1F5FC600B8B8E3 /* HomeScene.swift in Sources */ = {isa = PBXBuildFile; fileRef = 2B6A12EC2A1F5FC600B8B8E3 /* HomeScene.swift */; };
		2BBDFA312A20208C00CCE45F /* Haptics.swift in Sources */ = {isa = PBXBuildFile; fileRef = 2BBDFA302A20208C00CCE45F /* Haptics.swift */; };
		2BBDFA332A20349100CCE45F /* Home.mp3 in Resources */ = {isa = PBXBuildFile; fileRef = 2BBDFA322A20349100CCE45F /* Home.mp3 */; };
		2BBDFA352A2038AE00CCE45F /* bouncePlayer.wav in Resources */ = {isa = PBXBuildFile; fileRef = 2BBDFA342A2038AE00CCE45F /* bouncePlayer.wav */; };
		2BBDFA372A203C6F00CCE45F /* bounceBrick.wav in Resources */ = {isa = PBXBuildFile; fileRef = 2BBDFA362A203C6F00CCE45F /* bounceBrick.wav */; };
		2BBDFA3B2A20413700CCE45F /* Game.mp3 in Resources */ = {isa = PBXBuildFile; fileRef = 2BBDFA3A2A20413700CCE45F /* Game.mp3 */; };
		2BBDFA3D2A20420D00CCE45F /* cheer.mp3 in Resources */ = {isa = PBXBuildFile; fileRef = 2BBDFA3C2A20420D00CCE45F /* cheer.mp3 */; };
/* End PBXBuildFile section */

/* Begin PBXFileReference section */
		2B6A12CA2A19D1B000B8B8E3 /* pushit.app */ = {isa = PBXFileReference; explicitFileType = wrapper.application; includeInIndex = 0; path = pushit.app; sourceTree = BUILT_PRODUCTS_DIR; };
		2B6A12CD2A19D1B000B8B8E3 /* AppDelegate.swift */ = {isa = PBXFileReference; lastKnownFileType = sourcecode.swift; path = AppDelegate.swift; sourceTree = "<group>"; };
		2B6A12CF2A19D1B000B8B8E3 /* GameScene.sks */ = {isa = PBXFileReference; lastKnownFileType = file.sks; path = GameScene.sks; sourceTree = "<group>"; };
		2B6A12D32A19D1B000B8B8E3 /* GameScene.swift */ = {isa = PBXFileReference; lastKnownFileType = sourcecode.swift; path = GameScene.swift; sourceTree = "<group>"; };
		2B6A12D52A19D1B000B8B8E3 /* GameViewController.swift */ = {isa = PBXFileReference; lastKnownFileType = sourcecode.swift; path = GameViewController.swift; sourceTree = "<group>"; };
		2B6A12D82A19D1B000B8B8E3 /* Base */ = {isa = PBXFileReference; lastKnownFileType = file.storyboard; name = Base; path = Base.lproj/Main.storyboard; sourceTree = "<group>"; };
		2B6A12DA2A19D1B100B8B8E3 /* Assets.xcassets */ = {isa = PBXFileReference; lastKnownFileType = folder.assetcatalog; path = Assets.xcassets; sourceTree = "<group>"; };
		2B6A12DD2A19D1B100B8B8E3 /* Base */ = {isa = PBXFileReference; lastKnownFileType = file.storyboard; name = Base; path = Base.lproj/LaunchScreen.storyboard; sourceTree = "<group>"; };
		2B6A12E42A1B754E00B8B8E3 /* brickModel.swift */ = {isa = PBXFileReference; lastKnownFileType = sourcecode.swift; path = brickModel.swift; sourceTree = "<group>"; };
		2B6A12E62A1BB06A00B8B8E3 /* PlayerModel.swift */ = {isa = PBXFileReference; lastKnownFileType = sourcecode.swift; path = PlayerModel.swift; sourceTree = "<group>"; };
		2B6A12E82A1CB42D00B8B8E3 /* constants.swift */ = {isa = PBXFileReference; lastKnownFileType = sourcecode.swift; path = constants.swift; sourceTree = "<group>"; };
		2B6A12EA2A1F4DB300B8B8E3 /* LabelModel.swift */ = {isa = PBXFileReference; lastKnownFileType = sourcecode.swift; path = LabelModel.swift; sourceTree = "<group>"; };
		2B6A12EC2A1F5FC600B8B8E3 /* HomeScene.swift */ = {isa = PBXFileReference; lastKnownFileType = sourcecode.swift; path = HomeScene.swift; sourceTree = "<group>"; };
		2BBDFA302A20208C00CCE45F /* Haptics.swift */ = {isa = PBXFileReference; lastKnownFileType = sourcecode.swift; path = Haptics.swift; sourceTree = "<group>"; };
		2BBDFA322A20349100CCE45F /* Home.mp3 */ = {isa = PBXFileReference; lastKnownFileType = audio.mp3; path = Home.mp3; sourceTree = "<group>"; };
		2BBDFA342A2038AE00CCE45F /* bouncePlayer.wav */ = {isa = PBXFileReference; lastKnownFileType = audio.wav; path = bouncePlayer.wav; sourceTree = "<group>"; };
		2BBDFA362A203C6F00CCE45F /* bounceBrick.wav */ = {isa = PBXFileReference; lastKnownFileType = audio.wav; path = bounceBrick.wav; sourceTree = "<group>"; };
		2BBDFA3A2A20413700CCE45F /* Game.mp3 */ = {isa = PBXFileReference; lastKnownFileType = audio.mp3; path = Game.mp3; sourceTree = "<group>"; };
		2BBDFA3C2A20420D00CCE45F /* cheer.mp3 */ = {isa = PBXFileReference; lastKnownFileType = audio.mp3; path = cheer.mp3; sourceTree = "<group>"; };
/* End PBXFileReference section */

/* Begin PBXFrameworksBuildPhase section */
		2B6A12C72A19D1B000B8B8E3 /* Frameworks */ = {
			isa = PBXFrameworksBuildPhase;
			buildActionMask = 2147483647;
			files = (
			);
			runOnlyForDeploymentPostprocessing = 0;
		};
/* End PBXFrameworksBuildPhase section */

/* Begin PBXGroup section */
		2B6A12C12A19D1AF00B8B8E3 = {
			isa = PBXGroup;
			children = (
				2B6A12CC2A19D1B000B8B8E3 /* pushit */,
				2B6A12CB2A19D1B000B8B8E3 /* Products */,
			);
			sourceTree = "<group>";
		};
		2B6A12CB2A19D1B000B8B8E3 /* Products */ = {
			isa = PBXGroup;
			children = (
				2B6A12CA2A19D1B000B8B8E3 /* pushit.app */,
			);
			name = Products;
			sourceTree = "<group>";
		};
		2B6A12CC2A19D1B000B8B8E3 /* pushit */ = {
			isa = PBXGroup;
			children = (
				2B6A12CD2A19D1B000B8B8E3 /* AppDelegate.swift */,
				2BBDFA3F2A20531300CCE45F /* Model */,
				2BBDFA402A20534400CCE45F /* Controller */,
				2B6A12E82A1CB42D00B8B8E3 /* constants.swift */,
				2B6A12CF2A19D1B000B8B8E3 /* GameScene.sks */,
				2BBDFA3E2A2052F100CCE45F /* Scene */,
				2B6A12D72A19D1B000B8B8E3 /* Main.storyboard */,
				2B6A12DA2A19D1B100B8B8E3 /* Assets.xcassets */,
				2B6A12DC2A19D1B100B8B8E3 /* LaunchScreen.storyboard */,
				2BBDFA412A20539E00CCE45F /* Resource */,
			);
			path = pushit;
			sourceTree = "<group>";
		};
		2BBDFA3E2A2052F100CCE45F /* Scene */ = {
			isa = PBXGroup;
			children = (
				2B6A12D32A19D1B000B8B8E3 /* GameScene.swift */,
				2B6A12EC2A1F5FC600B8B8E3 /* HomeScene.swift */,
			);
			path = Scene;
			sourceTree = "<group>";
		};
		2BBDFA3F2A20531300CCE45F /* Model */ = {
			isa = PBXGroup;
			children = (
				2B6A12E42A1B754E00B8B8E3 /* brickModel.swift */,
				2B6A12E62A1BB06A00B8B8E3 /* PlayerModel.swift */,
				2B6A12EA2A1F4DB300B8B8E3 /* LabelModel.swift */,
			);
			path = Model;
			sourceTree = "<group>";
		};
		2BBDFA402A20534400CCE45F /* Controller */ = {
			isa = PBXGroup;
			children = (
				2BBDFA302A20208C00CCE45F /* Haptics.swift */,
				2B6A12D52A19D1B000B8B8E3 /* GameViewController.swift */,
			);
			path = Controller;
			sourceTree = "<group>";
		};
		2BBDFA412A20539E00CCE45F /* Resource */ = {
			isa = PBXGroup;
			children = (
				2BBDFA322A20349100CCE45F /* Home.mp3 */,
				2BBDFA342A2038AE00CCE45F /* bouncePlayer.wav */,
				2BBDFA362A203C6F00CCE45F /* bounceBrick.wav */,
				2BBDFA3A2A20413700CCE45F /* Game.mp3 */,
				2BBDFA3C2A20420D00CCE45F /* cheer.mp3 */,
			);
			path = Resource;
			sourceTree = "<group>";
		};
/* End PBXGroup section */

/* Begin PBXNativeTarget section */
		2B6A12C92A19D1B000B8B8E3 /* pushit */ = {
			isa = PBXNativeTarget;
			buildConfigurationList = 2B6A12E12A19D1B100B8B8E3 /* Build configuration list for PBXNativeTarget "pushit" */;
			buildPhases = (
				2B6A12C62A19D1B000B8B8E3 /* Sources */,
				2B6A12C72A19D1B000B8B8E3 /* Frameworks */,
				2B6A12C82A19D1B000B8B8E3 /* Resources */,
			);
			buildRules = (
			);
			dependencies = (
			);
			name = pushit;
			productName = pushit;
			productReference = 2B6A12CA2A19D1B000B8B8E3 /* pushit.app */;
			productType = "com.apple.product-type.application";
		};
/* End PBXNativeTarget section */

/* Begin PBXProject section */
		2B6A12C22A19D1AF00B8B8E3 /* Project object */ = {
			isa = PBXProject;
			attributes = {
				BuildIndependentTargetsInParallel = 1;
				LastSwiftUpdateCheck = 1430;
				LastUpgradeCheck = 1430;
				TargetAttributes = {
					2B6A12C92A19D1B000B8B8E3 = {
						CreatedOnToolsVersion = 14.3;
					};
				};
			};
			buildConfigurationList = 2B6A12C52A19D1AF00B8B8E3 /* Build configuration list for PBXProject "pushit" */;
			compatibilityVersion = "Xcode 14.0";
			developmentRegion = en;
			hasScannedForEncodings = 0;
			knownRegions = (
				en,
				Base,
			);
			mainGroup = 2B6A12C12A19D1AF00B8B8E3;
			productRefGroup = 2B6A12CB2A19D1B000B8B8E3 /* Products */;
			projectDirPath = "";
			projectRoot = "";
			targets = (
				2B6A12C92A19D1B000B8B8E3 /* pushit */,
			);
		};
/* End PBXProject section */

/* Begin PBXResourcesBuildPhase section */
		2B6A12C82A19D1B000B8B8E3 /* Resources */ = {
			isa = PBXResourcesBuildPhase;
			buildActionMask = 2147483647;
			files = (
				2BBDFA372A203C6F00CCE45F /* bounceBrick.wav in Resources */,
				2B6A12D92A19D1B000B8B8E3 /* Main.storyboard in Resources */,
				2B6A12D02A19D1B000B8B8E3 /* GameScene.sks in Resources */,
				2BBDFA3D2A20420D00CCE45F /* cheer.mp3 in Resources */,
				2BBDFA332A20349100CCE45F /* Home.mp3 in Resources */,
				2BBDFA3B2A20413700CCE45F /* Game.mp3 in Resources */,
				2B6A12DB2A19D1B100B8B8E3 /* Assets.xcassets in Resources */,
				2BBDFA352A2038AE00CCE45F /* bouncePlayer.wav in Resources */,
				2B6A12DE2A19D1B100B8B8E3 /* LaunchScreen.storyboard in Resources */,
			);
			runOnlyForDeploymentPostprocessing = 0;
		};
/* End PBXResourcesBuildPhase section */

/* Begin PBXSourcesBuildPhase section */
		2B6A12C62A19D1B000B8B8E3 /* Sources */ = {
			isa = PBXSourcesBuildPhase;
			buildActionMask = 2147483647;
			files = (
				2B6A12E72A1BB06A00B8B8E3 /* PlayerModel.swift in Sources */,
				2B6A12ED2A1F5FC600B8B8E3 /* HomeScene.swift in Sources */,
				2BBDFA312A20208C00CCE45F /* Haptics.swift in Sources */,
				2B6A12D42A19D1B000B8B8E3 /* GameScene.swift in Sources */,
				2B6A12E92A1CB42D00B8B8E3 /* constants.swift in Sources */,
				2B6A12D62A19D1B000B8B8E3 /* GameViewController.swift in Sources */,
				2B6A12EB2A1F4DB300B8B8E3 /* LabelModel.swift in Sources */,
				2B6A12CE2A19D1B000B8B8E3 /* AppDelegate.swift in Sources */,
				2B6A12E52A1B754E00B8B8E3 /* brickModel.swift in Sources */,
			);
			runOnlyForDeploymentPostprocessing = 0;
		};
/* End PBXSourcesBuildPhase section */

/* Begin PBXVariantGroup section */
		2B6A12D72A19D1B000B8B8E3 /* Main.storyboard */ = {
			isa = PBXVariantGroup;
			children = (
				2B6A12D82A19D1B000B8B8E3 /* Base */,
			);
			name = Main.storyboard;
			sourceTree = "<group>";
		};
		2B6A12DC2A19D1B100B8B8E3 /* LaunchScreen.storyboard */ = {
			isa = PBXVariantGroup;
			children = (
				2B6A12DD2A19D1B100B8B8E3 /* Base */,
			);
			name = LaunchScreen.storyboard;
			sourceTree = "<group>";
		};
/* End PBXVariantGroup section */

/* Begin XCBuildConfiguration section */
		2B6A12DF2A19D1B100B8B8E3 /* Debug */ = {
			isa = XCBuildConfiguration;
			buildSettings = {
				ALWAYS_SEARCH_USER_PATHS = NO;
				CLANG_ANALYZER_NONNULL = YES;
				CLANG_ANALYZER_NUMBER_OBJECT_CONVERSION = YES_AGGRESSIVE;
				CLANG_CXX_LANGUAGE_STANDARD = "gnu++20";
				CLANG_ENABLE_MODULES = YES;
				CLANG_ENABLE_OBJC_ARC = YES;
				CLANG_ENABLE_OBJC_WEAK = YES;
				CLANG_WARN_BLOCK_CAPTURE_AUTORELEASING = YES;
				CLANG_WARN_BOOL_CONVERSION = YES;
				CLANG_WARN_COMMA = YES;
				CLANG_WARN_CONSTANT_CONVERSION = YES;
				CLANG_WARN_DEPRECATED_OBJC_IMPLEMENTATIONS = YES;
				CLANG_WARN_DIRECT_OBJC_ISA_USAGE = YES_ERROR;
				CLANG_WARN_DOCUMENTATION_COMMENTS = YES;
				CLANG_WARN_EMPTY_BODY = YES;
				CLANG_WARN_ENUM_CONVERSION = YES;
				CLANG_WARN_INFINITE_RECURSION = YES;
				CLANG_WARN_INT_CONVERSION = YES;
				CLANG_WARN_NON_LITERAL_NULL_CONVERSION = YES;
				CLANG_WARN_OBJC_IMPLICIT_RETAIN_SELF = YES;
				CLANG_WARN_OBJC_LITERAL_CONVERSION = YES;
				CLANG_WARN_OBJC_ROOT_CLASS = YES_ERROR;
				CLANG_WARN_QUOTED_INCLUDE_IN_FRAMEWORK_HEADER = YES;
				CLANG_WARN_RANGE_LOOP_ANALYSIS = YES;
				CLANG_WARN_STRICT_PROTOTYPES = YES;
				CLANG_WARN_SUSPICIOUS_MOVE = YES;
				CLANG_WARN_UNGUARDED_AVAILABILITY = YES_AGGRESSIVE;
				CLANG_WARN_UNREACHABLE_CODE = YES;
				CLANG_WARN__DUPLICATE_METHOD_MATCH = YES;
				COPY_PHASE_STRIP = NO;
				DEBUG_INFORMATION_FORMAT = dwarf;
				ENABLE_STRICT_OBJC_MSGSEND = YES;
				ENABLE_TESTABILITY = YES;
				GCC_C_LANGUAGE_STANDARD = gnu11;
				GCC_DYNAMIC_NO_PIC = NO;
				GCC_NO_COMMON_BLOCKS = YES;
				GCC_OPTIMIZATION_LEVEL = 0;
				GCC_PREPROCESSOR_DEFINITIONS = (
					"DEBUG=1",
					"$(inherited)",
				);
				GCC_WARN_64_TO_32_BIT_CONVERSION = YES;
				GCC_WARN_ABOUT_RETURN_TYPE = YES_ERROR;
				GCC_WARN_UNDECLARED_SELECTOR = YES;
				GCC_WARN_UNINITIALIZED_AUTOS = YES_AGGRESSIVE;
				GCC_WARN_UNUSED_FUNCTION = YES;
				GCC_WARN_UNUSED_VARIABLE = YES;
				IPHONEOS_DEPLOYMENT_TARGET = 16.3;
				MTL_ENABLE_DEBUG_INFO = INCLUDE_SOURCE;
				MTL_FAST_MATH = YES;
				ONLY_ACTIVE_ARCH = YES;
				SDKROOT = iphoneos;
				SWIFT_ACTIVE_COMPILATION_CONDITIONS = DEBUG;
				SWIFT_OPTIMIZATION_LEVEL = "-Onone";
			};
			name = Debug;
		};
		2B6A12E02A19D1B100B8B8E3 /* Release */ = {
			isa = XCBuildConfiguration;
			buildSettings = {
				ALWAYS_SEARCH_USER_PATHS = NO;
				CLANG_ANALYZER_NONNULL = YES;
				CLANG_ANALYZER_NUMBER_OBJECT_CONVERSION = YES_AGGRESSIVE;
				CLANG_CXX_LANGUAGE_STANDARD = "gnu++20";
				CLANG_ENABLE_MODULES = YES;
				CLANG_ENABLE_OBJC_ARC = YES;
				CLANG_ENABLE_OBJC_WEAK = YES;
				CLANG_WARN_BLOCK_CAPTURE_AUTORELEASING = YES;
				CLANG_WARN_BOOL_CONVERSION = YES;
				CLANG_WARN_COMMA = YES;
				CLANG_WARN_CONSTANT_CONVERSION = YES;
				CLANG_WARN_DEPRECATED_OBJC_IMPLEMENTATIONS = YES;
				CLANG_WARN_DIRECT_OBJC_ISA_USAGE = YES_ERROR;
				CLANG_WARN_DOCUMENTATION_COMMENTS = YES;
				CLANG_WARN_EMPTY_BODY = YES;
				CLANG_WARN_ENUM_CONVERSION = YES;
				CLANG_WARN_INFINITE_RECURSION = YES;
				CLANG_WARN_INT_CONVERSION = YES;
				CLANG_WARN_NON_LITERAL_NULL_CONVERSION = YES;
				CLANG_WARN_OBJC_IMPLICIT_RETAIN_SELF = YES;
				CLANG_WARN_OBJC_LITERAL_CONVERSION = YES;
				CLANG_WARN_OBJC_ROOT_CLASS = YES_ERROR;
				CLANG_WARN_QUOTED_INCLUDE_IN_FRAMEWORK_HEADER = YES;
				CLANG_WARN_RANGE_LOOP_ANALYSIS = YES;
				CLANG_WARN_STRICT_PROTOTYPES = YES;
				CLANG_WARN_SUSPICIOUS_MOVE = YES;
				CLANG_WARN_UNGUARDED_AVAILABILITY = YES_AGGRESSIVE;
				CLANG_WARN_UNREACHABLE_CODE = YES;
				CLANG_WARN__DUPLICATE_METHOD_MATCH = YES;
				COPY_PHASE_STRIP = NO;
				DEBUG_INFORMATION_FORMAT = "dwarf-with-dsym";
				ENABLE_NS_ASSERTIONS = NO;
				ENABLE_STRICT_OBJC_MSGSEND = YES;
				GCC_C_LANGUAGE_STANDARD = gnu11;
				GCC_NO_COMMON_BLOCKS = YES;
				GCC_WARN_64_TO_32_BIT_CONVERSION = YES;
				GCC_WARN_ABOUT_RETURN_TYPE = YES_ERROR;
				GCC_WARN_UNDECLARED_SELECTOR = YES;
				GCC_WARN_UNINITIALIZED_AUTOS = YES_AGGRESSIVE;
				GCC_WARN_UNUSED_FUNCTION = YES;
				GCC_WARN_UNUSED_VARIABLE = YES;
				IPHONEOS_DEPLOYMENT_TARGET = 16.3;
				MTL_ENABLE_DEBUG_INFO = NO;
				MTL_FAST_MATH = YES;
				SDKROOT = iphoneos;
				SWIFT_COMPILATION_MODE = wholemodule;
				SWIFT_OPTIMIZATION_LEVEL = "-O";
				VALIDATE_PRODUCT = YES;
			};
			name = Release;
		};
		2B6A12E22A19D1B100B8B8E3 /* Debug */ = {
			isa = XCBuildConfiguration;
			buildSettings = {
				ASSETCATALOG_COMPILER_APPICON_NAME = AppIcon;
				ASSETCATALOG_COMPILER_GLOBAL_ACCENT_COLOR_NAME = AccentColor;
				CODE_SIGN_STYLE = Automatic;
				CURRENT_PROJECT_VERSION = 1;
				DEVELOPMENT_TEAM = ZURFN3662Z;
				GENERATE_INFOPLIST_FILE = YES;
				INFOPLIST_KEY_UIApplicationSupportsIndirectInputEvents = YES;
				INFOPLIST_KEY_UILaunchStoryboardName = LaunchScreen;
				INFOPLIST_KEY_UIMainStoryboardFile = Main;
				INFOPLIST_KEY_UIStatusBarHidden = YES;
				INFOPLIST_KEY_UISupportedInterfaceOrientations_iPad = "UIInterfaceOrientationPortrait UIInterfaceOrientationPortraitUpsideDown UIInterfaceOrientationLandscapeLeft UIInterfaceOrientationLandscapeRight";
				INFOPLIST_KEY_UISupportedInterfaceOrientations_iPhone = "UIInterfaceOrientationPortrait UIInterfaceOrientationLandscapeLeft UIInterfaceOrientationLandscapeRight";
				IPHONEOS_DEPLOYMENT_TARGET = 16.3;
				LD_RUNPATH_SEARCH_PATHS = (
					"$(inherited)",
					"@executable_path/Frameworks",
				);
				MARKETING_VERSION = 1.0;
				PRODUCT_BUNDLE_IDENTIFIER = "com.ADA-Binus.pushit";
				PRODUCT_NAME = "$(TARGET_NAME)";
				SWIFT_EMIT_LOC_STRINGS = YES;
				SWIFT_VERSION = 5.0;
				TARGETED_DEVICE_FAMILY = "1,2";
			};
			name = Debug;
		};
		2B6A12E32A19D1B100B8B8E3 /* Release */ = {
			isa = XCBuildConfiguration;
			buildSettings = {
				ASSETCATALOG_COMPILER_APPICON_NAME = AppIcon;
				ASSETCATALOG_COMPILER_GLOBAL_ACCENT_COLOR_NAME = AccentColor;
				CODE_SIGN_STYLE = Automatic;
				CURRENT_PROJECT_VERSION = 1;
				DEVELOPMENT_TEAM = ZURFN3662Z;
				GENERATE_INFOPLIST_FILE = YES;
				INFOPLIST_KEY_UIApplicationSupportsIndirectInputEvents = YES;
				INFOPLIST_KEY_UILaunchStoryboardName = LaunchScreen;
				INFOPLIST_KEY_UIMainStoryboardFile = Main;
				INFOPLIST_KEY_UIStatusBarHidden = YES;
				INFOPLIST_KEY_UISupportedInterfaceOrientations_iPad = "UIInterfaceOrientationPortrait UIInterfaceOrientationPortraitUpsideDown UIInterfaceOrientationLandscapeLeft UIInterfaceOrientationLandscapeRight";
				INFOPLIST_KEY_UISupportedInterfaceOrientations_iPhone = "UIInterfaceOrientationPortrait UIInterfaceOrientationLandscapeLeft UIInterfaceOrientationLandscapeRight";
				IPHONEOS_DEPLOYMENT_TARGET = 16.3;
				LD_RUNPATH_SEARCH_PATHS = (
					"$(inherited)",
					"@executable_path/Frameworks",
				);
				MARKETING_VERSION = 1.0;
				PRODUCT_BUNDLE_IDENTIFIER = "com.ADA-Binus.pushit";
				PRODUCT_NAME = "$(TARGET_NAME)";
				SWIFT_EMIT_LOC_STRINGS = YES;
				SWIFT_VERSION = 5.0;
				TARGETED_DEVICE_FAMILY = "1,2";
			};
			name = Release;
		};
/* End XCBuildConfiguration section */

/* Begin XCConfigurationList section */
		2B6A12C52A19D1AF00B8B8E3 /* Build configuration list for PBXProject "pushit" */ = {
			isa = XCConfigurationList;
			buildConfigurations = (
				2B6A12DF2A19D1B100B8B8E3 /* Debug */,
				2B6A12E02A19D1B100B8B8E3 /* Release */,
			);
			defaultConfigurationIsVisible = 0;
			defaultConfigurationName = Release;
		};
		2B6A12E12A19D1B100B8B8E3 /* Build configuration list for PBXNativeTarget "pushit" */ = {
			isa = XCConfigurationList;
			buildConfigurations = (
				2B6A12E22A19D1B100B8B8E3 /* Debug */,
				2B6A12E32A19D1B100B8B8E3 /* Release */,
			);
			defaultConfigurationIsVisible = 0;
			defaultConfigurationName = Release;
		};
/* End XCConfigurationList section */
	};
	rootObject = 2B6A12C22A19D1AF00B8B8E3 /* Project object */;
}
